
Microsoft Visual Studio Solution File, Format Version 12.00
# Visual Studio Version 17
VisualStudioVersion = 17.5.002.0
MinimumVisualStudioVersion = 10.0.40219.1
Project("{FAE04EC0-301F-11D3-BF4B-00C04F79EFBC}") = "ConsoleApp1", "ConsoleApp1\ConsoleApp1.csproj", "{D5D69702-5488-4704-8CE3-C6BAEB6AB09C}"
EndProject
Project("{2150E333-8FDC-42A3-9474-1A3956D46DE8}") = "ConsoleApp1", "ConsoleApp1", "{B93FABE9-0EF5-44DB-A072-B1E5E35D21E4}"
EndProject
Project("{2150E333-8FDC-42A3-9474-1A3956D46DE8}") = "C#", "C#", "{C35278A6-F709-4EB4-B2F6-C83DE93F4DD1}"
EndProject
Project("{FAE04EC0-301F-11D3-BF4B-00C04F79EFBC}") = "progs", "C#\progs\progs.csproj", "{76239963-86B5-4049-997B-F27CD5028FFD}"
EndProject
Global
	GlobalSection(SolutionConfigurationPlatforms) = preSolution
		Debug|Any CPU = Debug|Any CPU
		Release|Any CPU = Release|Any CPU
	EndGlobalSection
	GlobalSection(ProjectConfigurationPlatforms) = postSolution
		{D5D69702-5488-4704-8CE3-C6BAEB6AB09C}.Debug|Any CPU.ActiveCfg = Debug|Any CPU
		{D5D69702-5488-4704-8CE3-C6BAEB6AB09C}.Debug|Any CPU.Build.0 = Debug|Any CPU
		{D5D69702-5488-4704-8CE3-C6BAEB6AB09C}.Release|Any CPU.ActiveCfg = Release|Any CPU
		{D5D69702-5488-4704-8CE3-C6BAEB6AB09C}.Release|Any CPU.Build.0 = Release|Any CPU
		{76239963-86B5-4049-997B-F27CD5028FFD}.Debug|Any CPU.ActiveCfg = Debug|Any CPU
		{76239963-86B5-4049-997B-F27CD5028FFD}.Debug|Any CPU.Build.0 = Debug|Any CPU
		{76239963-86B5-4049-997B-F27CD5028FFD}.Release|Any CPU.ActiveCfg = Release|Any CPU
		{76239963-86B5-4049-997B-F27CD5028FFD}.Release|Any CPU.Build.0 = Release|Any CPU
	EndGlobalSection
	GlobalSection(SolutionProperties) = preSolution
		HideSolutionNode = FALSE
	EndGlobalSection
	GlobalSection(NestedProjects) = preSolution
		{D5D69702-5488-4704-8CE3-C6BAEB6AB09C} = {B93FABE9-0EF5-44DB-A072-B1E5E35D21E4}
		{76239963-86B5-4049-997B-F27CD5028FFD} = {C35278A6-F709-4EB4-B2F6-C83DE93F4DD1}
	EndGlobalSection
	GlobalSection(ExtensibilityGlobals) = postSolution
		SolutionGuid = {6750C830-34FE-4DA1-8B81-776EDFAFA370}
	EndGlobalSection
EndGlobal
